
Microsoft Visual Studio Solution File, Format Version 12.00
# Visual Studio Version 17
VisualStudioVersion = 17.2.32616.157
MinimumVisualStudioVersion = 10.0.40219.1
Project("{9A19103F-16F7-4668-BE54-9A1E7A4F7556}") = "SampleWebAPI", "SampleWebAPI\SampleWebAPI.csproj", "{F46C2626-22F3-4738-94BE-A6607478D661}"
EndProject
Project("{9A19103F-16F7-4668-BE54-9A1E7A4F7556}") = "ConsoleAppDb", "ConsoleAppDb\ConsoleAppDb.csproj", "{BDF9F8DA-F124-43E5-B2E0-E4FD5469699C}"
EndProject
Project("{9A19103F-16F7-4668-BE54-9A1E7A4F7556}") = "SampleWebAPI.Domain", "SampleWebAPI.Domain\SampleWebAPI.Domain.csproj", "{2D711011-1E96-41D8-A949-E85664F2FC4E}"
EndProject
Project("{9A19103F-16F7-4668-BE54-9A1E7A4F7556}") = "SampleWebAPI.Data", "SampleWebAPI.Data\SampleWebAPI.Data.csproj", "{4627B7FC-262C-4FF3-B2DC-7E7BC2DAEDB3}"
EndProject
Project("{FAE04EC0-301F-11D3-BF4B-00C04F79EFBC}") = "ConsoleReverseDb", "ConsoleReverseDb\ConsoleReverseDb.csproj", "{8C1C44AD-25A1-45FE-B8CA-A5F8D8838FCE}"
EndProject
Global
	GlobalSection(SolutionConfigurationPlatforms) = preSolution
		Debug|Any CPU = Debug|Any CPU
		Release|Any CPU = Release|Any CPU
	EndGlobalSection
	GlobalSection(ProjectConfigurationPlatforms) = postSolution
		{F46C2626-22F3-4738-94BE-A6607478D661}.Debug|Any CPU.ActiveCfg = Debug|Any CPU
		{F46C2626-22F3-4738-94BE-A6607478D661}.Debug|Any CPU.Build.0 = Debug|Any CPU
		{F46C2626-22F3-4738-94BE-A6607478D661}.Release|Any CPU.ActiveCfg = Release|Any CPU
		{F46C2626-22F3-4738-94BE-A6607478D661}.Release|Any CPU.Build.0 = Release|Any CPU
		{BDF9F8DA-F124-43E5-B2E0-E4FD5469699C}.Debug|Any CPU.ActiveCfg = Debug|Any CPU
		{BDF9F8DA-F124-43E5-B2E0-E4FD5469699C}.Debug|Any CPU.Build.0 = Debug|Any CPU
		{BDF9F8DA-F124-43E5-B2E0-E4FD5469699C}.Release|Any CPU.ActiveCfg = Release|Any CPU
		{BDF9F8DA-F124-43E5-B2E0-E4FD5469699C}.Release|Any CPU.Build.0 = Release|Any CPU
		{2D711011-1E96-41D8-A949-E85664F2FC4E}.Debug|Any CPU.ActiveCfg = Debug|Any CPU
		{2D711011-1E96-41D8-A949-E85664F2FC4E}.Debug|Any CPU.Build.0 = Debug|Any CPU
		{2D711011-1E96-41D8-A949-E85664F2FC4E}.Release|Any CPU.ActiveCfg = Release|Any CPU
		{2D711011-1E96-41D8-A949-E85664F2FC4E}.Release|Any CPU.Build.0 = Release|Any CPU
		{4627B7FC-262C-4FF3-B2DC-7E7BC2DAEDB3}.Debug|Any CPU.ActiveCfg = Debug|Any CPU
		{4627B7FC-262C-4FF3-B2DC-7E7BC2DAEDB3}.Debug|Any CPU.Build.0 = Debug|Any CPU
		{4627B7FC-262C-4FF3-B2DC-7E7BC2DAEDB3}.Release|Any CPU.ActiveCfg = Release|Any CPU
		{4627B7FC-262C-4FF3-B2DC-7E7BC2DAEDB3}.Release|Any CPU.Build.0 = Release|Any CPU
		{8C1C44AD-25A1-45FE-B8CA-A5F8D8838FCE}.Debug|Any CPU.ActiveCfg = Debug|Any CPU
		{8C1C44AD-25A1-45FE-B8CA-A5F8D8838FCE}.Debug|Any CPU.Build.0 = Debug|Any CPU
		{8C1C44AD-25A1-45FE-B8CA-A5F8D8838FCE}.Release|Any CPU.ActiveCfg = Release|Any CPU
		{8C1C44AD-25A1-45FE-B8CA-A5F8D8838FCE}.Release|Any CPU.Build.0 = Release|Any CPU
	EndGlobalSection
	GlobalSection(SolutionProperties) = preSolution
		HideSolutionNode = FALSE
	EndGlobalSection
	GlobalSection(ExtensibilityGlobals) = postSolution
		SolutionGuid = {46F18299-F5CA-4234-9190-7C14F46F462F}
	EndGlobalSection
EndGlobal
